{
  "name": "mjsplayer",
  "version": "1.0.0",
  "lockfileVersion": 2,
  "requires": true,
  "packages": {
    "": {
      "name": "mjsplayer",
      "version": "1.0.0",
      "license": "ISC",
      "dependencies": {
        "shikwasa": "^2.1.2"
      }
    },
    "node_modules/shikwasa": {
      "version": "2.1.2",
      "resolved": "https://registry.npmjs.org/shikwasa/-/shikwasa-2.1.2.tgz",
      "integrity": "sha512-w3fGIw6Z/+DDVNNzqNK2p2V3OQiDiqzX+XG3Bj+2HIWolC3HY7khsoGSAkxrXpEafhorxOPNbb7wx727Wjwbuw=="
    }
  },
  "dependencies": {
    "shikwasa": {
      "version": "2.1.2",
      "resolved": "https://registry.npmjs.org/shikwasa/-/shikwasa-2.1.2.tgz",
      "integrity": "sha512-w3fGIw6Z/+DDVNNzqNK2p2V3OQiDiqzX+XG3Bj+2HIWolC3HY7khsoGSAkxrXpEafhorxOPNbb7wx727Wjwbuw=="
    }
  }
}
